
Microsoft Visual Studio Solution File, Format Version 12.00
# Visual Studio 15
VisualStudioVersion = 15.0.27703.2035
MinimumVisualStudioVersion = 10.0.40219.1
Project("{FAE04EC0-301F-11D3-BF4B-00C04F79EFBC}") = "SignalRChat", "SignalRChat\SignalRChat.csproj", "{4826C668-57F6-4BB3-BD1B-84FFA5456E1E}"
EndProject
Global
	GlobalSection(SolutionConfigurationPlatforms) = preSolution
		Debug|Any CPU = Debug|Any CPU
		Release|Any CPU = Release|Any CPU
	EndGlobalSection
	GlobalSection(ProjectConfigurationPlatforms) = postSolution
		{4826C668-57F6-4BB3-BD1B-84FFA5456E1E}.Debug|Any CPU.ActiveCfg = Debug|Any CPU
		{4826C668-57F6-4BB3-BD1B-84FFA5456E1E}.Debug|Any CPU.Build.0 = Debug|Any CPU
		{4826C668-57F6-4BB3-BD1B-84FFA5456E1E}.Release|Any CPU.ActiveCfg = Release|Any CPU
		{4826C668-57F6-4BB3-BD1B-84FFA5456E1E}.Release|Any CPU.Build.0 = Release|Any CPU
	EndGlobalSection
	GlobalSection(SolutionProperties) = preSolution
		HideSolutionNode = FALSE
	EndGlobalSection
	GlobalSection(ExtensibilityGlobals) = postSolution
		SolutionGuid = {2D97F4C6-ED51-4C78-9453-102012D07158}
	EndGlobalSection
EndGlobal
